// !$*UTF8*$!
{
	archiveVersion = 1;
	classes = {
	};
	objectVersion = 50;
	objects = {

/* Begin PBXBuildFile section */
		035B0B9C25FF513A00E45C6B /* String.swift in Sources */ = {isa = PBXBuildFile; fileRef = 035B0B9B25FF513A00E45C6B /* String.swift */; };
		035B0BA425FF528900E45C6B /* Alert.swift in Sources */ = {isa = PBXBuildFile; fileRef = 035B0BA325FF528900E45C6B /* Alert.swift */; };
		03970AD525FE258600FAB644 /* AppDelegate.swift in Sources */ = {isa = PBXBuildFile; fileRef = 03970AD425FE258600FAB644 /* AppDelegate.swift */; };
		03970AD725FE258600FAB644 /* SceneDelegate.swift in Sources */ = {isa = PBXBuildFile; fileRef = 03970AD625FE258600FAB644 /* SceneDelegate.swift */; };
		03970AD925FE258600FAB644 /* ViewController.swift in Sources */ = {isa = PBXBuildFile; fileRef = 03970AD825FE258600FAB644 /* ViewController.swift */; };
		03970ADC25FE258600FAB644 /* Main.storyboard in Resources */ = {isa = PBXBuildFile; fileRef = 03970ADA25FE258600FAB644 /* Main.storyboard */; };
		03970ADE25FE259400FAB644 /* Assets.xcassets in Resources */ = {isa = PBXBuildFile; fileRef = 03970ADD25FE259400FAB644 /* Assets.xcassets */; };
		03970AE125FE259400FAB644 /* LaunchScreen.storyboard in Resources */ = {isa = PBXBuildFile; fileRef = 03970ADF25FE259400FAB644 /* LaunchScreen.storyboard */; };
		03970AEC25FE259500FAB644 /* iosBankTests.swift in Sources */ = {isa = PBXBuildFile; fileRef = 03970AEB25FE259500FAB644 /* iosBankTests.swift */; };
		03970AF725FE259500FAB644 /* iosBankUITests.swift in Sources */ = {isa = PBXBuildFile; fileRef = 03970AF625FE259500FAB644 /* iosBankUITests.swift */; };
		03D8A9ED25FFD6DF00FE647A /* SignUpViewController.swift in Sources */ = {isa = PBXBuildFile; fileRef = 03D8A9EC25FFD6DF00FE647A /* SignUpViewController.swift */; };
		03D8A9F225FFDF0400FE647A /* User.swift in Sources */ = {isa = PBXBuildFile; fileRef = 03D8A9F125FFDF0400FE647A /* User.swift */; };
		03D8A9FF25FFF91D00FE647A /* SearchBusViewController.swift in Sources */ = {isa = PBXBuildFile; fileRef = 03D8A9FE25FFF91D00FE647A /* SearchBusViewController.swift */; };
/* End PBXBuildFile section */

/* Begin PBXContainerItemProxy section */
		03970AE825FE259500FAB644 /* PBXContainerItemProxy */ = {
			isa = PBXContainerItemProxy;
			containerPortal = 03970AC925FE258500FAB644 /* Project object */;
			proxyType = 1;
			remoteGlobalIDString = 03970AD025FE258600FAB644;
			remoteInfo = iosBank;
		};
		03970AF325FE259500FAB644 /* PBXContainerItemProxy */ = {
			isa = PBXContainerItemProxy;
			containerPortal = 03970AC925FE258500FAB644 /* Project object */;
			proxyType = 1;
			remoteGlobalIDString = 03970AD025FE258600FAB644;
			remoteInfo = iosBank;
		};
/* End PBXContainerItemProxy section */

/* Begin PBXFileReference section */
		035B0B9B25FF513A00E45C6B /* String.swift */ = {isa = PBXFileReference; lastKnownFileType = sourcecode.swift; path = String.swift; sourceTree = "<group>"; };
		035B0BA325FF528900E45C6B /* Alert.swift */ = {isa = PBXFileReference; lastKnownFileType = sourcecode.swift; path = Alert.swift; sourceTree = "<group>"; };
		03970AD125FE258600FAB644 /* iosBank.app */ = {isa = PBXFileReference; explicitFileType = wrapper.application; includeInIndex = 0; path = iosBank.app; sourceTree = BUILT_PRODUCTS_DIR; };
		03970AD425FE258600FAB644 /* AppDelegate.swift */ = {isa = PBXFileReference; lastKnownFileType = sourcecode.swift; path = AppDelegate.swift; sourceTree = "<group>"; };
		03970AD625FE258600FAB644 /* SceneDelegate.swift */ = {isa = PBXFileReference; lastKnownFileType = sourcecode.swift; path = SceneDelegate.swift; sourceTree = "<group>"; };
		03970AD825FE258600FAB644 /* ViewController.swift */ = {isa = PBXFileReference; lastKnownFileType = sourcecode.swift; path = ViewController.swift; sourceTree = "<group>"; };
		03970ADB25FE258600FAB644 /* Base */ = {isa = PBXFileReference; lastKnownFileType = file.storyboard; name = Base; path = Base.lproj/Main.storyboard; sourceTree = "<group>"; };
		03970ADD25FE259400FAB644 /* Assets.xcassets */ = {isa = PBXFileReference; lastKnownFileType = folder.assetcatalog; path = Assets.xcassets; sourceTree = "<group>"; };
		03970AE025FE259400FAB644 /* Base */ = {isa = PBXFileReference; lastKnownFileType = file.storyboard; name = Base; path = Base.lproj/LaunchScreen.storyboard; sourceTree = "<group>"; };
		03970AE225FE259400FAB644 /* Info.plist */ = {isa = PBXFileReference; lastKnownFileType = text.plist.xml; path = Info.plist; sourceTree = "<group>"; };
		03970AE725FE259500FAB644 /* iosBankTests.xctest */ = {isa = PBXFileReference; explicitFileType = wrapper.cfbundle; includeInIndex = 0; path = iosBankTests.xctest; sourceTree = BUILT_PRODUCTS_DIR; };
		03970AEB25FE259500FAB644 /* iosBankTests.swift */ = {isa = PBXFileReference; lastKnownFileType = sourcecode.swift; path = iosBankTests.swift; sourceTree = "<group>"; };
		03970AED25FE259500FAB644 /* Info.plist */ = {isa = PBXFileReference; lastKnownFileType = text.plist.xml; path = Info.plist; sourceTree = "<group>"; };
		03970AF225FE259500FAB644 /* iosBankUITests.xctest */ = {isa = PBXFileReference; explicitFileType = wrapper.cfbundle; includeInIndex = 0; path = iosBankUITests.xctest; sourceTree = BUILT_PRODUCTS_DIR; };
		03970AF625FE259500FAB644 /* iosBankUITests.swift */ = {isa = PBXFileReference; lastKnownFileType = sourcecode.swift; path = iosBankUITests.swift; sourceTree = "<group>"; };
		03970AF825FE259500FAB644 /* Info.plist */ = {isa = PBXFileReference; lastKnownFileType = text.plist.xml; path = Info.plist; sourceTree = "<group>"; };
		03D8A9EC25FFD6DF00FE647A /* SignUpViewController.swift */ = {isa = PBXFileReference; lastKnownFileType = sourcecode.swift; path = SignUpViewController.swift; sourceTree = "<group>"; };
		03D8A9F125FFDF0400FE647A /* User.swift */ = {isa = PBXFileReference; lastKnownFileType = sourcecode.swift; path = User.swift; sourceTree = "<group>"; };
		03D8A9FE25FFF91D00FE647A /* SearchBusViewController.swift */ = {isa = PBXFileReference; lastKnownFileType = sourcecode.swift; path = SearchBusViewController.swift; sourceTree = "<group>"; };
/* End PBXFileReference section */

/* Begin PBXFrameworksBuildPhase section */
		03970ACE25FE258600FAB644 /* Frameworks */ = {
			isa = PBXFrameworksBuildPhase;
			buildActionMask = 2147483647;
			files = (
			);
			runOnlyForDeploymentPostprocessing = 0;
		};
		03970AE425FE259500FAB644 /* Frameworks */ = {
			isa = PBXFrameworksBuildPhase;
			buildActionMask = 2147483647;
			files = (
			);
			runOnlyForDeploymentPostprocessing = 0;
		};
		03970AEF25FE259500FAB644 /* Frameworks */ = {
			isa = PBXFrameworksBuildPhase;
			buildActionMask = 2147483647;
			files = (
			);
			runOnlyForDeploymentPostprocessing = 0;
		};
/* End PBXFrameworksBuildPhase section */

/* Begin PBXGroup section */
		035B0B9A25FF509000E45C6B /* Extension */ = {
			isa = PBXGroup;
			children = (
				035B0B9B25FF513A00E45C6B /* String.swift */,
				035B0BA325FF528900E45C6B /* Alert.swift */,
			);
			path = Extension;
			sourceTree = "<group>";
		};
		03970AC825FE258500FAB644 = {
			isa = PBXGroup;
			children = (
				03970AD325FE258600FAB644 /* iosBank */,
				03970AEA25FE259500FAB644 /* iosBankTests */,
				03970AF525FE259500FAB644 /* iosBankUITests */,
				03970AD225FE258600FAB644 /* Products */,
			);
			sourceTree = "<group>";
		};
		03970AD225FE258600FAB644 /* Products */ = {
			isa = PBXGroup;
			children = (
				03970AD125FE258600FAB644 /* iosBank.app */,
				03970AE725FE259500FAB644 /* iosBankTests.xctest */,
				03970AF225FE259500FAB644 /* iosBankUITests.xctest */,
			);
			name = Products;
			sourceTree = "<group>";
		};
		03970AD325FE258600FAB644 /* iosBank */ = {
			isa = PBXGroup;
			children = (
				035B0B9A25FF509000E45C6B /* Extension */,
				03970AD425FE258600FAB644 /* AppDelegate.swift */,
				03970AD625FE258600FAB644 /* SceneDelegate.swift */,
				03970AD825FE258600FAB644 /* ViewController.swift */,
				03970ADA25FE258600FAB644 /* Main.storyboard */,
				03D8A9FE25FFF91D00FE647A /* SearchBusViewController.swift */,
				03D8A9F125FFDF0400FE647A /* User.swift */,
				03D8A9EC25FFD6DF00FE647A /* SignUpViewController.swift */,
				03970ADD25FE259400FAB644 /* Assets.xcassets */,
				03970ADF25FE259400FAB644 /* LaunchScreen.storyboard */,
				03970AE225FE259400FAB644 /* Info.plist */,
			);
			path = iosBank;
			sourceTree = "<group>";
		};
		03970AEA25FE259500FAB644 /* iosBankTests */ = {
			isa = PBXGroup;
			children = (
				03970AEB25FE259500FAB644 /* iosBankTests.swift */,
				03970AED25FE259500FAB644 /* Info.plist */,
			);
			path = iosBankTests;
			sourceTree = "<group>";
		};
		03970AF525FE259500FAB644 /* iosBankUITests */ = {
			isa = PBXGroup;
			children = (
				03970AF625FE259500FAB644 /* iosBankUITests.swift */,
				03970AF825FE259500FAB644 /* Info.plist */,
			);
			path = iosBankUITests;
			sourceTree = "<group>";
		};
/* End PBXGroup section */

/* Begin PBXNativeTarget section */
		03970AD025FE258600FAB644 /* iosBank */ = {
			isa = PBXNativeTarget;
			buildConfigurationList = 03970AFB25FE259500FAB644 /* Build configuration list for PBXNativeTarget "iosBank" */;
			buildPhases = (
				03970ACD25FE258600FAB644 /* Sources */,
				03970ACE25FE258600FAB644 /* Frameworks */,
				03970ACF25FE258600FAB644 /* Resources */,
			);
			buildRules = (
			);
			dependencies = (
			);
			name = iosBank;
			productName = iosBank;
			productReference = 03970AD125FE258600FAB644 /* iosBank.app */;
			productType = "com.apple.product-type.application";
		};
		03970AE625FE259500FAB644 /* iosBankTests */ = {
			isa = PBXNativeTarget;
			buildConfigurationList = 03970AFE25FE259500FAB644 /* Build configuration list for PBXNativeTarget "iosBankTests" */;
			buildPhases = (
				03970AE325FE259500FAB644 /* Sources */,
				03970AE425FE259500FAB644 /* Frameworks */,
				03970AE525FE259500FAB644 /* Resources */,
			);
			buildRules = (
			);
			dependencies = (
				03970AE925FE259500FAB644 /* PBXTargetDependency */,
			);
			name = iosBankTests;
			productName = iosBankTests;
			productReference = 03970AE725FE259500FAB644 /* iosBankTests.xctest */;
			productType = "com.apple.product-type.bundle.unit-test";
		};
		03970AF125FE259500FAB644 /* iosBankUITests */ = {
			isa = PBXNativeTarget;
			buildConfigurationList = 03970B0125FE259500FAB644 /* Build configuration list for PBXNativeTarget "iosBankUITests" */;
			buildPhases = (
				03970AEE25FE259500FAB644 /* Sources */,
				03970AEF25FE259500FAB644 /* Frameworks */,
				03970AF025FE259500FAB644 /* Resources */,
			);
			buildRules = (
			);
			dependencies = (
				03970AF425FE259500FAB644 /* PBXTargetDependency */,
			);
			name = iosBankUITests;
			productName = iosBankUITests;
			productReference = 03970AF225FE259500FAB644 /* iosBankUITests.xctest */;
			productType = "com.apple.product-type.bundle.ui-testing";
		};
/* End PBXNativeTarget section */

/* Begin PBXProject section */
		03970AC925FE258500FAB644 /* Project object */ = {
			isa = PBXProject;
			attributes = {
				LastSwiftUpdateCheck = 1240;
				LastUpgradeCheck = 1240;
				TargetAttributes = {
					03970AD025FE258600FAB644 = {
						CreatedOnToolsVersion = 12.4;
					};
					03970AE625FE259500FAB644 = {
						CreatedOnToolsVersion = 12.4;
						TestTargetID = 03970AD025FE258600FAB644;
					};
					03970AF125FE259500FAB644 = {
						CreatedOnToolsVersion = 12.4;
						TestTargetID = 03970AD025FE258600FAB644;
					};
				};
			};
			buildConfigurationList = 03970ACC25FE258500FAB644 /* Build configuration list for PBXProject "iosBank" */;
			compatibilityVersion = "Xcode 9.3";
			developmentRegion = en;
			hasScannedForEncodings = 0;
			knownRegions = (
				en,
				Base,
			);
			mainGroup = 03970AC825FE258500FAB644;
			productRefGroup = 03970AD225FE258600FAB644 /* Products */;
			projectDirPath = "";
			projectRoot = "";
			targets = (
				03970AD025FE258600FAB644 /* iosBank */,
				03970AE625FE259500FAB644 /* iosBankTests */,
				03970AF125FE259500FAB644 /* iosBankUITests */,
			);
		};
/* End PBXProject section */

/* Begin PBXResourcesBuildPhase section */
		03970ACF25FE258600FAB644 /* Resources */ = {
			isa = PBXResourcesBuildPhase;
			buildActionMask = 2147483647;
			files = (
				03970AE125FE259400FAB644 /* LaunchScreen.storyboard in Resources */,
				03970ADE25FE259400FAB644 /* Assets.xcassets in Resources */,
				03970ADC25FE258600FAB644 /* Main.storyboard in Resources */,
			);
			runOnlyForDeploymentPostprocessing = 0;
		};
		03970AE525FE259500FAB644 /* Resources */ = {
			isa = PBXResourcesBuildPhase;
			buildActionMask = 2147483647;
			files = (
			);
			runOnlyForDeploymentPostprocessing = 0;
		};
		03970AF025FE259500FAB644 /* Resources */ = {
			isa = PBXResourcesBuildPhase;
			buildActionMask = 2147483647;
			files = (
			);
			runOnlyForDeploymentPostprocessing = 0;
		};
/* End PBXResourcesBuildPhase section */

/* Begin PBXSourcesBuildPhase section */
		03970ACD25FE258600FAB644 /* Sources */ = {
			isa = PBXSourcesBuildPhase;
			buildActionMask = 2147483647;
			files = (
				03D8A9ED25FFD6DF00FE647A /* SignUpViewController.swift in Sources */,
				03970AD925FE258600FAB644 /* ViewController.swift in Sources */,
				03970AD525FE258600FAB644 /* AppDelegate.swift in Sources */,
				035B0B9C25FF513A00E45C6B /* String.swift in Sources */,
				035B0BA425FF528900E45C6B /* Alert.swift in Sources */,
				03970AD725FE258600FAB644 /* SceneDelegate.swift in Sources */,
				03D8A9F225FFDF0400FE647A /* User.swift in Sources */,
				03D8A9FF25FFF91D00FE647A /* SearchBusViewController.swift in Sources */,
			);
			runOnlyForDeploymentPostprocessing = 0;
		};
		03970AE325FE259500FAB644 /* Sources */ = {
			isa = PBXSourcesBuildPhase;
			buildActionMask = 2147483647;
			files = (
				03970AEC25FE259500FAB644 /* iosBankTests.swift in Sources */,
			);
			runOnlyForDeploymentPostprocessing = 0;
		};
		03970AEE25FE259500FAB644 /* Sources */ = {
			isa = PBXSourcesBuildPhase;
			buildActionMask = 2147483647;
			files = (
				03970AF725FE259500FAB644 /* iosBankUITests.swift in Sources */,
			);
			runOnlyForDeploymentPostprocessing = 0;
		};
/* End PBXSourcesBuildPhase section */

/* Begin PBXTargetDependency section */
		03970AE925FE259500FAB644 /* PBXTargetDependency */ = {
			isa = PBXTargetDependency;
			target = 03970AD025FE258600FAB644 /* iosBank */;
			targetProxy = 03970AE825FE259500FAB644 /* PBXContainerItemProxy */;
		};
		03970AF425FE259500FAB644 /* PBXTargetDependency */ = {
			isa = PBXTargetDependency;
			target = 03970AD025FE258600FAB644 /* iosBank */;
			targetProxy = 03970AF325FE259500FAB644 /* PBXContainerItemProxy */;
		};
/* End PBXTargetDependency section */

/* Begin PBXVariantGroup section */
		03970ADA25FE258600FAB644 /* Main.storyboard */ = {
			isa = PBXVariantGroup;
			children = (
				03970ADB25FE258600FAB644 /* Base */,
			);
			name = Main.storyboard;
			sourceTree = "<group>";
		};
		03970ADF25FE259400FAB644 /* LaunchScreen.storyboard */ = {
			isa = PBXVariantGroup;
			children = (
				03970AE025FE259400FAB644 /* Base */,
			);
			name = LaunchScreen.storyboard;
			sourceTree = "<group>";
		};
/* End PBXVariantGroup section */

/* Begin XCBuildConfiguration section */
		03970AF925FE259500FAB644 /* Debug */ = {
			isa = XCBuildConfiguration;
			buildSettings = {
				ALWAYS_SEARCH_USER_PATHS = NO;
				CLANG_ANALYZER_NONNULL = YES;
				CLANG_ANALYZER_NUMBER_OBJECT_CONVERSION = YES_AGGRESSIVE;
				CLANG_CXX_LANGUAGE_STANDARD = "gnu++14";
				CLANG_CXX_LIBRARY = "libc++";
				CLANG_ENABLE_MODULES = YES;
				CLANG_ENABLE_OBJC_ARC = YES;
				CLANG_ENABLE_OBJC_WEAK = YES;
				CLANG_WARN_BLOCK_CAPTURE_AUTORELEASING = YES;
				CLANG_WARN_BOOL_CONVERSION = YES;
				CLANG_WARN_COMMA = YES;
				CLANG_WARN_CONSTANT_CONVERSION = YES;
				CLANG_WARN_DEPRECATED_OBJC_IMPLEMENTATIONS = YES;
				CLANG_WARN_DIRECT_OBJC_ISA_USAGE = YES_ERROR;
				CLANG_WARN_DOCUMENTATION_COMMENTS = YES;
				CLANG_WARN_EMPTY_BODY = YES;
				CLANG_WARN_ENUM_CONVERSION = YES;
				CLANG_WARN_INFINITE_RECURSION = YES;
				CLANG_WARN_INT_CONVERSION = YES;
				CLANG_WARN_NON_LITERAL_NULL_CONVERSION = YES;
				CLANG_WARN_OBJC_IMPLICIT_RETAIN_SELF = YES;
				CLANG_WARN_OBJC_LITERAL_CONVERSION = YES;
				CLANG_WARN_OBJC_ROOT_CLASS = YES_ERROR;
				CLANG_WARN_QUOTED_INCLUDE_IN_FRAMEWORK_HEADER = YES;
				CLANG_WARN_RANGE_LOOP_ANALYSIS = YES;
				CLANG_WARN_STRICT_PROTOTYPES = YES;
				CLANG_WARN_SUSPICIOUS_MOVE = YES;
				CLANG_WARN_UNGUARDED_AVAILABILITY = YES_AGGRESSIVE;
				CLANG_WARN_UNREACHABLE_CODE = YES;
				CLANG_WARN__DUPLICATE_METHOD_MATCH = YES;
				COPY_PHASE_STRIP = NO;
				DEBUG_INFORMATION_FORMAT = dwarf;
				ENABLE_STRICT_OBJC_MSGSEND = YES;
				ENABLE_TESTABILITY = YES;
				GCC_C_LANGUAGE_STANDARD = gnu11;
				GCC_DYNAMIC_NO_PIC = NO;
				GCC_NO_COMMON_BLOCKS = YES;
				GCC_OPTIMIZATION_LEVEL = 0;
				GCC_PREPROCESSOR_DEFINITIONS = (
					"DEBUG=1",
					"$(inherited)",
				);
				GCC_WARN_64_TO_32_BIT_CONVERSION = YES;
				GCC_WARN_ABOUT_RETURN_TYPE = YES_ERROR;
				GCC_WARN_UNDECLARED_SELECTOR = YES;
				GCC_WARN_UNINITIALIZED_AUTOS = YES_AGGRESSIVE;
				GCC_WARN_UNUSED_FUNCTION = YES;
				GCC_WARN_UNUSED_VARIABLE = YES;
				IPHONEOS_DEPLOYMENT_TARGET = 14.4;
				MTL_ENABLE_DEBUG_INFO = INCLUDE_SOURCE;
				MTL_FAST_MATH = YES;
				ONLY_ACTIVE_ARCH = YES;
				SDKROOT = iphoneos;
				SWIFT_ACTIVE_COMPILATION_CONDITIONS = DEBUG;
				SWIFT_OPTIMIZATION_LEVEL = "-Onone";
			};
			name = Debug;
		};
		03970AFA25FE259500FAB644 /* Release */ = {
			isa = XCBuildConfiguration;
			buildSettings = {
				ALWAYS_SEARCH_USER_PATHS = NO;
				CLANG_ANALYZER_NONNULL = YES;
				CLANG_ANALYZER_NUMBER_OBJECT_CONVERSION = YES_AGGRESSIVE;
				CLANG_CXX_LANGUAGE_STANDARD = "gnu++14";
				CLANG_CXX_LIBRARY = "libc++";
				CLANG_ENABLE_MODULES = YES;
				CLANG_ENABLE_OBJC_ARC = YES;
				CLANG_ENABLE_OBJC_WEAK = YES;
				CLANG_WARN_BLOCK_CAPTURE_AUTORELEASING = YES;
				CLANG_WARN_BOOL_CONVERSION = YES;
				CLANG_WARN_COMMA = YES;
				CLANG_WARN_CONSTANT_CONVERSION = YES;
				CLANG_WARN_DEPRECATED_OBJC_IMPLEMENTATIONS = YES;
				CLANG_WARN_DIRECT_OBJC_ISA_USAGE = YES_ERROR;
				CLANG_WARN_DOCUMENTATION_COMMENTS = YES;
				CLANG_WARN_EMPTY_BODY = YES;
				CLANG_WARN_ENUM_CONVERSION = YES;
				CLANG_WARN_INFINITE_RECURSION = YES;
				CLANG_WARN_INT_CONVERSION = YES;
				CLANG_WARN_NON_LITERAL_NULL_CONVERSION = YES;
				CLANG_WARN_OBJC_IMPLICIT_RETAIN_SELF = YES;
				CLANG_WARN_OBJC_LITERAL_CONVERSION = YES;
				CLANG_WARN_OBJC_ROOT_CLASS = YES_ERROR;
				CLANG_WARN_QUOTED_INCLUDE_IN_FRAMEWORK_HEADER = YES;
				CLANG_WARN_RANGE_LOOP_ANALYSIS = YES;
				CLANG_WARN_STRICT_PROTOTYPES = YES;
				CLANG_WARN_SUSPICIOUS_MOVE = YES;
				CLANG_WARN_UNGUARDED_AVAILABILITY = YES_AGGRESSIVE;
				CLANG_WARN_UNREACHABLE_CODE = YES;
				CLANG_WARN__DUPLICATE_METHOD_MATCH = YES;
				COPY_PHASE_STRIP = NO;
				DEBUG_INFORMATION_FORMAT = "dwarf-with-dsym";
				ENABLE_NS_ASSERTIONS = NO;
				ENABLE_STRICT_OBJC_MSGSEND = YES;
				GCC_C_LANGUAGE_STANDARD = gnu11;
				GCC_NO_COMMON_BLOCKS = YES;
				GCC_WARN_64_TO_32_BIT_CONVERSION = YES;
				GCC_WARN_ABOUT_RETURN_TYPE = YES_ERROR;
				GCC_WARN_UNDECLARED_SELECTOR = YES;
				GCC_WARN_UNINITIALIZED_AUTOS = YES_AGGRESSIVE;
				GCC_WARN_UNUSED_FUNCTION = YES;
				GCC_WARN_UNUSED_VARIABLE = YES;
				IPHONEOS_DEPLOYMENT_TARGET = 14.4;
				MTL_ENABLE_DEBUG_INFO = NO;
				MTL_FAST_MATH = YES;
				SDKROOT = iphoneos;
				SWIFT_COMPILATION_MODE = wholemodule;
				SWIFT_OPTIMIZATION_LEVEL = "-O";
				VALIDATE_PRODUCT = YES;
			};
			name = Release;
		};
		03970AFC25FE259500FAB644 /* Debug */ = {
			isa = XCBuildConfiguration;
			buildSettings = {
				ASSETCATALOG_COMPILER_APPICON_NAME = AppIcon;
				ASSETCATALOG_COMPILER_GLOBAL_ACCENT_COLOR_NAME = AccentColor;
				CODE_SIGN_STYLE = Automatic;
				INFOPLIST_FILE = iosBank/Info.plist;
				LD_RUNPATH_SEARCH_PATHS = (
					"$(inherited)",
					"@executable_path/Frameworks",
				);
				PRODUCT_BUNDLE_IDENTIFIER = com.iosBank;
				PRODUCT_NAME = "$(TARGET_NAME)";
				SWIFT_VERSION = 5.0;
				TARGETED_DEVICE_FAMILY = "1,2";
			};
			name = Debug;
		};
		03970AFD25FE259500FAB644 /* Release */ = {
			isa = XCBuildConfiguration;
			buildSettings = {
				ASSETCATALOG_COMPILER_APPICON_NAME = AppIcon;
				ASSETCATALOG_COMPILER_GLOBAL_ACCENT_COLOR_NAME = AccentColor;
				CODE_SIGN_STYLE = Automatic;
				INFOPLIST_FILE = iosBank/Info.plist;
				LD_RUNPATH_SEARCH_PATHS = (
					"$(inherited)",
					"@executable_path/Frameworks",
				);
				PRODUCT_BUNDLE_IDENTIFIER = com.iosBank;
				PRODUCT_NAME = "$(TARGET_NAME)";
				SWIFT_VERSION = 5.0;
				TARGETED_DEVICE_FAMILY = "1,2";
			};
			name = Release;
		};
		03970AFF25FE259500FAB644 /* Debug */ = {
			isa = XCBuildConfiguration;
			buildSettings = {
				ALWAYS_EMBED_SWIFT_STANDARD_LIBRARIES = YES;
				BUNDLE_LOADER = "$(TEST_HOST)";
				CODE_SIGN_STYLE = Automatic;
				INFOPLIST_FILE = iosBankTests/Info.plist;
				IPHONEOS_DEPLOYMENT_TARGET = 14.4;
				LD_RUNPATH_SEARCH_PATHS = (
					"$(inherited)",
					"@executable_path/Frameworks",
					"@loader_path/Frameworks",
				);
				PRODUCT_BUNDLE_IDENTIFIER = com.iosBank.iosBankTests;
				PRODUCT_NAME = "$(TARGET_NAME)";
				SWIFT_VERSION = 5.0;
				TARGETED_DEVICE_FAMILY = "1,2";
				TEST_HOST = "$(BUILT_PRODUCTS_DIR)/iosBank.app/iosBank";
			};
			name = Debug;
		};
		03970B0025FE259500FAB644 /* Release */ = {
			isa = XCBuildConfiguration;
			buildSettings = {
				ALWAYS_EMBED_SWIFT_STANDARD_LIBRARIES = YES;
				BUNDLE_LOADER = "$(TEST_HOST)";
				CODE_SIGN_STYLE = Automatic;
				INFOPLIST_FILE = iosBankTests/Info.plist;
				IPHONEOS_DEPLOYMENT_TARGET = 14.4;
				LD_RUNPATH_SEARCH_PATHS = (
					"$(inherited)",
					"@executable_path/Frameworks",
					"@loader_path/Frameworks",
				);
				PRODUCT_BUNDLE_IDENTIFIER = com.iosBank.iosBankTests;
				PRODUCT_NAME = "$(TARGET_NAME)";
				SWIFT_VERSION = 5.0;
				TARGETED_DEVICE_FAMILY = "1,2";
				TEST_HOST = "$(BUILT_PRODUCTS_DIR)/iosBank.app/iosBank";
			};
			name = Release;
		};
		03970B0225FE259500FAB644 /* Debug */ = {
			isa = XCBuildConfiguration;
			buildSettings = {
				ALWAYS_EMBED_SWIFT_STANDARD_LIBRARIES = YES;
				CODE_SIGN_STYLE = Automatic;
				INFOPLIST_FILE = iosBankUITests/Info.plist;
				LD_RUNPATH_SEARCH_PATHS = (
					"$(inherited)",
					"@executable_path/Frameworks",
					"@loader_path/Frameworks",
				);
				PRODUCT_BUNDLE_IDENTIFIER = com.iosBank.iosBankUITests;
				PRODUCT_NAME = "$(TARGET_NAME)";
				SWIFT_VERSION = 5.0;
				TARGETED_DEVICE_FAMILY = "1,2";
				TEST_TARGET_NAME = iosBank;
			};
			name = Debug;
		};
		03970B0325FE259500FAB644 /* Release */ = {
			isa = XCBuildConfiguration;
			buildSettings = {
				ALWAYS_EMBED_SWIFT_STANDARD_LIBRARIES = YES;
				CODE_SIGN_STYLE = Automatic;
				INFOPLIST_FILE = iosBankUITests/Info.plist;
				LD_RUNPATH_SEARCH_PATHS = (
					"$(inherited)",
					"@executable_path/Frameworks",
					"@loader_path/Frameworks",
				);
				PRODUCT_BUNDLE_IDENTIFIER = com.iosBank.iosBankUITests;
				PRODUCT_NAME = "$(TARGET_NAME)";
				SWIFT_VERSION = 5.0;
				TARGETED_DEVICE_FAMILY = "1,2";
				TEST_TARGET_NAME = iosBank;
			};
			name = Release;
		};
/* End XCBuildConfiguration section */

/* Begin XCConfigurationList section */
		03970ACC25FE258500FAB644 /* Build configuration list for PBXProject "iosBank" */ = {
			isa = XCConfigurationList;
			buildConfigurations = (
				03970AF925FE259500FAB644 /* Debug */,
				03970AFA25FE259500FAB644 /* Release */,
			);
			defaultConfigurationIsVisible = 0;
			defaultConfigurationName = Release;
		};
		03970AFB25FE259500FAB644 /* Build configuration list for PBXNativeTarget "iosBank" */ = {
			isa = XCConfigurationList;
			buildConfigurations = (
				03970AFC25FE259500FAB644 /* Debug */,
				03970AFD25FE259500FAB644 /* Release */,
			);
			defaultConfigurationIsVisible = 0;
			defaultConfigurationName = Release;
		};
		03970AFE25FE259500FAB644 /* Build configuration list for PBXNativeTarget "iosBankTests" */ = {
			isa = XCConfigurationList;
			buildConfigurations = (
				03970AFF25FE259500FAB644 /* Debug */,
				03970B0025FE259500FAB644 /* Release */,
			);
			defaultConfigurationIsVisible = 0;
			defaultConfigurationName = Release;
		};
		03970B0125FE259500FAB644 /* Build configuration list for PBXNativeTarget "iosBankUITests" */ = {
			isa = XCConfigurationList;
			buildConfigurations = (
				03970B0225FE259500FAB644 /* Debug */,
				03970B0325FE259500FAB644 /* Release */,
			);
			defaultConfigurationIsVisible = 0;
			defaultConfigurationName = Release;
		};
/* End XCConfigurationList section */
	};
	rootObject = 03970AC925FE258500FAB644 /* Project object */;
}
